PODS:
  - AFNetworking (3.1.0):
    - AFNetworking/NSURLSession (= 3.1.0)
    - AFNetworking/Reachability (= 3.1.0)
    - AFNetworking/Security (= 3.1.0)
    - AFNetworking/Serialization (= 3.1.0)
    - AFNetworking/UIKit (= 3.1.0)
  - AFNetworking/NSURLSession (3.1.0):
    - AFNetworking/Reachability
    - AFNetworking/Security
    - AFNetworking/Serialization
  - AFNetworking/Reachability (3.1.0)
  - AFNetworking/Security (3.1.0)
  - AFNetworking/Serialization (3.1.0)
  - AFNetworking/UIKit (3.1.0):
    - AFNetworking/NSURLSession
  - HRCocoaTools (0.2.8):
    - HRCocoaTools/Animation (= 0.2.8)
    - HRCocoaTools/Category (= 0.2.8)
    - HRCocoaTools/Media (= 0.2.8)
    - HRCocoaTools/Util (= 0.2.8)
  - HRCocoaTools/Animation (0.2.8):
    - pop
  - HRCocoaTools/Category (0.2.8)
  - HRCocoaTools/Media (0.2.8)
  - HRCocoaTools/Util (0.2.8):
    - Reachability
  - KPengUtils (0.0.1):
    - AFNetworking (~> 3.1.0)
    - KPengUtils/KPengCategories (= 0.0.1)
    - KPengUtils/KPengcodeView (= 0.0.1)
    - KPengUtils/KPengCountDown (= 0.0.1)
    - KPengUtils/KPengm3u8PlayandDown (= 0.0.1)
    - KPengUtils/KPengNormal (= 0.0.1)
    - KPengUtils/KPengPaintView (= 0.0.1)
    - KPengUtils/KPengSongwords (= 0.0.1)
  - KPengUtils/KPengCategories (0.0.1):
    - AFNetworking (~> 3.1.0)
  - KPengUtils/KPengcodeView (0.0.1):
    - AFNetworking (~> 3.1.0)
  - KPengUtils/KPengCountDown (0.0.1):
    - AFNetworking (~> 3.1.0)
  - KPengUtils/KPengm3u8PlayandDown (0.0.1):
    - AFNetworking (~> 3.1.0)
  - KPengUtils/KPengNormal (0.0.1):
    - AFNetworking (~> 3.1.0)
  - KPengUtils/KPengPaintView (0.0.1):
    - AFNetworking (~> 3.1.0)
  - KPengUtils/KPengSongwords (0.0.1):
    - AFNetworking (~> 3.1.0)
  - MJExtension (3.0.17)
  - pop (1.0.12)
  - Reachability (3.2)
  - SVProgressHUD (2.2.5)

DEPENDENCIES:
  - HRCocoaTools (~> 0.2.8)
  - KPengUtils (from `https://github.com/smithgoo/KPengUtils.git`)
  - MJExtension
  - SVProgressHUD

SPEC REPOS:
  https://github.com/cocoapods/specs.git:
    - AFNetworking
    - HRCocoaTools
    - MJExtension
    - pop
    - Reachability
    - SVProgressHUD

EXTERNAL SOURCES:
  KPengUtils:
    :git: https://github.com/smithgoo/KPengUtils.git

CHECKOUT OPTIONS:
  KPengUtils:
    :commit: b94f2326a13d3ed790f244b5733685d87addfcae
    :git: https://github.com/smithgoo/KPengUtils.git

SPEC CHECKSUMS:
  AFNetworking: 5e0e199f73d8626b11e79750991f5d173d1f8b67
  HRCocoaTools: f4df04084ee9f456130a9bd828bbe9a1e6c763d0
  KPengUtils: eaa7e0f3ca706c05d70ea98dd3a5832b66f69f29
  MJExtension: 74ec83124a68891619fb7ba9c5c811bbf1691076
  pop: d582054913807fd11fd50bfe6a539d91c7e1a55a
  Reachability: 33e18b67625424e47b6cde6d202dce689ad7af96
  SVProgressHUD: 1428aafac632c1f86f62aa4243ec12008d7a51d6

PODFILE CHECKSUM: 6017f43cad4edc7b0475c3b3494d1e84da12ae1a

COCOAPODS: 1.6.0.beta.2
